// !$*UTF8*$!
{
	archiveVersion = 1;
	classes = {
	};
	objectVersion = 50;
	objects = {

/* Begin PBXBuildFile section */
		57754F7126BD9B690028F139 /* SubBarView.swift in Sources */ = {isa = PBXBuildFile; fileRef = 57754F7026BD9B690028F139 /* SubBarView.swift */; };
		57754F7426BD9F940028F139 /* IconBar.swift in Sources */ = {isa = PBXBuildFile; fileRef = 57754F7326BD9F940028F139 /* IconBar.swift */; };
		57B6793426B977D700151B2F /* TabBarAnimationApp.swift in Sources */ = {isa = PBXBuildFile; fileRef = 57B6793326B977D700151B2F /* TabBarAnimationApp.swift */; };
		57B6793626B977D700151B2F /* ContentView.swift in Sources */ = {isa = PBXBuildFile; fileRef = 57B6793526B977D700151B2F /* ContentView.swift */; };
		57B6793826B977DF00151B2F /* Assets.xcassets in Resources */ = {isa = PBXBuildFile; fileRef = 57B6793726B977DF00151B2F /* Assets.xcassets */; };
		57B6793B26B977DF00151B2F /* Preview Assets.xcassets in Resources */ = {isa = PBXBuildFile; fileRef = 57B6793A26B977DF00151B2F /* Preview Assets.xcassets */; };
		57B6794326B9780700151B2F /* HomeView.swift in Sources */ = {isa = PBXBuildFile; fileRef = 57B6794226B9780700151B2F /* HomeView.swift */; };
		57B6794526B99A8A00151B2F /* TabBarViewComponents.swift in Sources */ = {isa = PBXBuildFile; fileRef = 57B6794426B99A8A00151B2F /* TabBarViewComponents.swift */; };
		57B6794726BAF13400151B2F /* Constants.swift in Sources */ = {isa = PBXBuildFile; fileRef = 57B6794626BAF13400151B2F /* Constants.swift */; };
		CCCB930D273550A500D9BCD7 /* MenuBarView.swift in Sources */ = {isa = PBXBuildFile; fileRef = CCCB930C273550A500D9BCD7 /* MenuBarView.swift */; };
		CCD2991E2719C57F003CF50F /* TabBasinView.swift in Sources */ = {isa = PBXBuildFile; fileRef = CCD2991D2719C57F003CF50F /* TabBasinView.swift */; };
/* End PBXBuildFile section */

/* Begin PBXFileReference section */
		57754F7026BD9B690028F139 /* SubBarView.swift */ = {isa = PBXFileReference; lastKnownFileType = sourcecode.swift; path = SubBarView.swift; sourceTree = "<group>"; };
		57754F7326BD9F940028F139 /* IconBar.swift */ = {isa = PBXFileReference; lastKnownFileType = sourcecode.swift; path = IconBar.swift; sourceTree = "<group>"; };
		57B6793026B977D700151B2F /* TabBarAnimation.app */ = {isa = PBXFileReference; explicitFileType = wrapper.application; includeInIndex = 0; path = TabBarAnimation.app; sourceTree = BUILT_PRODUCTS_DIR; };
		57B6793326B977D700151B2F /* TabBarAnimationApp.swift */ = {isa = PBXFileReference; lastKnownFileType = sourcecode.swift; path = TabBarAnimationApp.swift; sourceTree = "<group>"; };
		57B6793526B977D700151B2F /* ContentView.swift */ = {isa = PBXFileReference; lastKnownFileType = sourcecode.swift; path = ContentView.swift; sourceTree = "<group>"; };
		57B6793726B977DF00151B2F /* Assets.xcassets */ = {isa = PBXFileReference; lastKnownFileType = folder.assetcatalog; path = Assets.xcassets; sourceTree = "<group>"; };
		57B6793A26B977DF00151B2F /* Preview Assets.xcassets */ = {isa = PBXFileReference; lastKnownFileType = folder.assetcatalog; path = "Preview Assets.xcassets"; sourceTree = "<group>"; };
		57B6793C26B977DF00151B2F /* Info.plist */ = {isa = PBXFileReference; lastKnownFileType = text.plist.xml; path = Info.plist; sourceTree = "<group>"; };
		57B6794226B9780700151B2F /* HomeView.swift */ = {isa = PBXFileReference; lastKnownFileType = sourcecode.swift; path = HomeView.swift; sourceTree = "<group>"; };
		57B6794426B99A8A00151B2F /* TabBarViewComponents.swift */ = {isa = PBXFileReference; lastKnownFileType = sourcecode.swift; path = TabBarViewComponents.swift; sourceTree = "<group>"; };
		57B6794626BAF13400151B2F /* Constants.swift */ = {isa = PBXFileReference; lastKnownFileType = sourcecode.swift; path = Constants.swift; sourceTree = "<group>"; };
		57B6794826BBDFAB00151B2F /* README.md */ = {isa = PBXFileReference; lastKnownFileType = net.daringfireball.markdown; path = README.md; sourceTree = "<group>"; };
		CCCB930C273550A500D9BCD7 /* MenuBarView.swift */ = {isa = PBXFileReference; lastKnownFileType = sourcecode.swift; path = MenuBarView.swift; sourceTree = "<group>"; };
		CCD2991D2719C57F003CF50F /* TabBasinView.swift */ = {isa = PBXFileReference; lastKnownFileType = sourcecode.swift; path = TabBasinView.swift; sourceTree = "<group>"; };
/* End PBXFileReference section */

/* Begin PBXFrameworksBuildPhase section */
		57B6792D26B977D700151B2F /* Frameworks */ = {
			isa = PBXFrameworksBuildPhase;
			buildActionMask = 2147483647;
			files = (
			);
			runOnlyForDeploymentPostprocessing = 0;
		};
/* End PBXFrameworksBuildPhase section */

/* Begin PBXGroup section */
		57754F7226BD9F6F0028F139 /* UIComponents */ = {
			isa = PBXGroup;
			children = (
				57754F7326BD9F940028F139 /* IconBar.swift */,
			);
			path = UIComponents;
			sourceTree = "<group>";
		};
		57B6792726B977D700151B2F = {
			isa = PBXGroup;
			children = (
				57754F7226BD9F6F0028F139 /* UIComponents */,
				57B6794826BBDFAB00151B2F /* README.md */,
				57B6793226B977D700151B2F /* TabBarAnimation */,
				57B6793126B977D700151B2F /* Products */,
			);
			sourceTree = "<group>";
		};
		57B6793126B977D700151B2F /* Products */ = {
			isa = PBXGroup;
			children = (
				57B6793026B977D700151B2F /* TabBarAnimation.app */,
			);
			name = Products;
			sourceTree = "<group>";
		};
		57B6793226B977D700151B2F /* TabBarAnimation */ = {
			isa = PBXGroup;
			children = (
				57B6793326B977D700151B2F /* TabBarAnimationApp.swift */,
				57B6793526B977D700151B2F /* ContentView.swift */,
				57B6793726B977DF00151B2F /* Assets.xcassets */,
				57B6793C26B977DF00151B2F /* Info.plist */,
				57B6793926B977DF00151B2F /* Preview Content */,
				57B6794226B9780700151B2F /* HomeView.swift */,
				57754F7026BD9B690028F139 /* SubBarView.swift */,
				57B6794426B99A8A00151B2F /* TabBarViewComponents.swift */,
				57B6794626BAF13400151B2F /* Constants.swift */,
				CCD2991D2719C57F003CF50F /* TabBasinView.swift */,
				CCCB930C273550A500D9BCD7 /* MenuBarView.swift */,
			);
			path = TabBarAnimation;
			sourceTree = "<group>";
		};
		57B6793926B977DF00151B2F /* Preview Content */ = {
			isa = PBXGroup;
			children = (
				57B6793A26B977DF00151B2F /* Preview Assets.xcassets */,
			);
			path = "Preview Content";
			sourceTree = "<group>";
		};
/* End PBXGroup section */

/* Begin PBXNativeTarget section */
		57B6792F26B977D700151B2F /* TabBarAnimation */ = {
			isa = PBXNativeTarget;
			buildConfigurationList = 57B6793F26B977DF00151B2F /* Build configuration list for PBXNativeTarget "TabBarAnimation" */;
			buildPhases = (
				57B6792C26B977D700151B2F /* Sources */,
				57B6792D26B977D700151B2F /* Frameworks */,
				57B6792E26B977D700151B2F /* Resources */,
			);
			buildRules = (
			);
			dependencies = (
			);
			name = TabBarAnimation;
			productName = TabBarAnimation;
			productReference = 57B6793026B977D700151B2F /* TabBarAnimation.app */;
			productType = "com.apple.product-type.application";
		};
/* End PBXNativeTarget section */

/* Begin PBXProject section */
		57B6792826B977D700151B2F /* Project object */ = {
			isa = PBXProject;
			attributes = {
				LastSwiftUpdateCheck = 1250;
				LastUpgradeCheck = 1250;
				TargetAttributes = {
					57B6792F26B977D700151B2F = {
						CreatedOnToolsVersion = 12.5.1;
					};
				};
			};
			buildConfigurationList = 57B6792B26B977D700151B2F /* Build configuration list for PBXProject "TabBarAnimation" */;
			compatibilityVersion = "Xcode 9.3";
			developmentRegion = en;
			hasScannedForEncodings = 0;
			knownRegions = (
				en,
				Base,
			);
			mainGroup = 57B6792726B977D700151B2F;
			productRefGroup = 57B6793126B977D700151B2F /* Products */;
			projectDirPath = "";
			projectRoot = "";
			targets = (
				57B6792F26B977D700151B2F /* TabBarAnimation */,
			);
		};
/* End PBXProject section */

/* Begin PBXResourcesBuildPhase section */
		57B6792E26B977D700151B2F /* Resources */ = {
			isa = PBXResourcesBuildPhase;
			buildActionMask = 2147483647;
			files = (
				57B6793B26B977DF00151B2F /* Preview Assets.xcassets in Resources */,
				57B6793826B977DF00151B2F /* Assets.xcassets in Resources */,
			);
			runOnlyForDeploymentPostprocessing = 0;
		};
/* End PBXResourcesBuildPhase section */

/* Begin PBXSourcesBuildPhase section */
		57B6792C26B977D700151B2F /* Sources */ = {
			isa = PBXSourcesBuildPhase;
			buildActionMask = 2147483647;
			files = (
				CCCB930D273550A500D9BCD7 /* MenuBarView.swift in Sources */,
				57B6794726BAF13400151B2F /* Constants.swift in Sources */,
				57B6794326B9780700151B2F /* HomeView.swift in Sources */,
				57B6793626B977D700151B2F /* ContentView.swift in Sources */,
				57B6794526B99A8A00151B2F /* TabBarViewComponents.swift in Sources */,
				CCD2991E2719C57F003CF50F /* TabBasinView.swift in Sources */,
				57754F7426BD9F940028F139 /* IconBar.swift in Sources */,
				57B6793426B977D700151B2F /* TabBarAnimationApp.swift in Sources */,
				57754F7126BD9B690028F139 /* SubBarView.swift in Sources */,
			);
			runOnlyForDeploymentPostprocessing = 0;
		};
/* End PBXSourcesBuildPhase section */

/* Begin XCBuildConfiguration section */
		57B6793D26B977DF00151B2F /* Debug */ = {
			isa = XCBuildConfiguration;
			buildSettings = {
				ALWAYS_SEARCH_USER_PATHS = NO;
				CLANG_ANALYZER_NONNULL = YES;
				CLANG_ANALYZER_NUMBER_OBJECT_CONVERSION = YES_AGGRESSIVE;
				CLANG_CXX_LANGUAGE_STANDARD = "gnu++14";
				CLANG_CXX_LIBRARY = "libc++";
				CLANG_ENABLE_MODULES = YES;
				CLANG_ENABLE_OBJC_ARC = YES;
				CLANG_ENABLE_OBJC_WEAK = YES;
				CLANG_WARN_BLOCK_CAPTURE_AUTORELEASING = YES;
				CLANG_WARN_BOOL_CONVERSION = YES;
				CLANG_WARN_COMMA = YES;
				CLANG_WARN_CONSTANT_CONVERSION = YES;
				CLANG_WARN_DEPRECATED_OBJC_IMPLEMENTATIONS = YES;
				CLANG_WARN_DIRECT_OBJC_ISA_USAGE = YES_ERROR;
				CLANG_WARN_DOCUMENTATION_COMMENTS = YES;
				CLANG_WARN_EMPTY_BODY = YES;
				CLANG_WARN_ENUM_CONVERSION = YES;
				CLANG_WARN_INFINITE_RECURSION = YES;
				CLANG_WARN_INT_CONVERSION = YES;
				CLANG_WARN_NON_LITERAL_NULL_CONVERSION = YES;
				CLANG_WARN_OBJC_IMPLICIT_RETAIN_SELF = YES;
				CLANG_WARN_OBJC_LITERAL_CONVERSION = YES;
				CLANG_WARN_OBJC_ROOT_CLASS = YES_ERROR;
				CLANG_WARN_QUOTED_INCLUDE_IN_FRAMEWORK_HEADER = YES;
				CLANG_WARN_RANGE_LOOP_ANALYSIS = YES;
				CLANG_WARN_STRICT_PROTOTYPES = YES;
				CLANG_WARN_SUSPICIOUS_MOVE = YES;
				CLANG_WARN_UNGUARDED_AVAILABILITY = YES_AGGRESSIVE;
				CLANG_WARN_UNREACHABLE_CODE = YES;
				CLANG_WARN__DUPLICATE_METHOD_MATCH = YES;
				COPY_PHASE_STRIP = NO;
				DEBUG_INFORMATION_FORMAT = dwarf;
				ENABLE_STRICT_OBJC_MSGSEND = YES;
				ENABLE_TESTABILITY = YES;
				GCC_C_LANGUAGE_STANDARD = gnu11;
				GCC_DYNAMIC_NO_PIC = NO;
				GCC_NO_COMMON_BLOCKS = YES;
				GCC_OPTIMIZATION_LEVEL = 0;
				GCC_PREPROCESSOR_DEFINITIONS = (
					"DEBUG=1",
					"$(inherited)",
				);
				GCC_WARN_64_TO_32_BIT_CONVERSION = YES;
				GCC_WARN_ABOUT_RETURN_TYPE = YES_ERROR;
				GCC_WARN_UNDECLARED_SELECTOR = YES;
				GCC_WARN_UNINITIALIZED_AUTOS = YES_AGGRESSIVE;
				GCC_WARN_UNUSED_FUNCTION = YES;
				GCC_WARN_UNUSED_VARIABLE = YES;
				IPHONEOS_DEPLOYMENT_TARGET = 14.5;
				MTL_ENABLE_DEBUG_INFO = INCLUDE_SOURCE;
				MTL_FAST_MATH = YES;
				ONLY_ACTIVE_ARCH = YES;
				SDKROOT = iphoneos;
				SWIFT_ACTIVE_COMPILATION_CONDITIONS = DEBUG;
				SWIFT_OPTIMIZATION_LEVEL = "-Onone";
			};
			name = Debug;
		};
		57B6793E26B977DF00151B2F /* Release */ = {
			isa = XCBuildConfiguration;
			buildSettings = {
				ALWAYS_SEARCH_USER_PATHS = NO;
				CLANG_ANALYZER_NONNULL = YES;
				CLANG_ANALYZER_NUMBER_OBJECT_CONVERSION = YES_AGGRESSIVE;
				CLANG_CXX_LANGUAGE_STANDARD = "gnu++14";
				CLANG_CXX_LIBRARY = "libc++";
				CLANG_ENABLE_MODULES = YES;
				CLANG_ENABLE_OBJC_ARC = YES;
				CLANG_ENABLE_OBJC_WEAK = YES;
				CLANG_WARN_BLOCK_CAPTURE_AUTORELEASING = YES;
				CLANG_WARN_BOOL_CONVERSION = YES;
				CLANG_WARN_COMMA = YES;
				CLANG_WARN_CONSTANT_CONVERSION = YES;
				CLANG_WARN_DEPRECATED_OBJC_IMPLEMENTATIONS = YES;
				CLANG_WARN_DIRECT_OBJC_ISA_USAGE = YES_ERROR;
				CLANG_WARN_DOCUMENTATION_COMMENTS = YES;
				CLANG_WARN_EMPTY_BODY = YES;
				CLANG_WARN_ENUM_CONVERSION = YES;
				CLANG_WARN_INFINITE_RECURSION = YES;
				CLANG_WARN_INT_CONVERSION = YES;
				CLANG_WARN_NON_LITERAL_NULL_CONVERSION = YES;
				CLANG_WARN_OBJC_IMPLICIT_RETAIN_SELF = YES;
				CLANG_WARN_OBJC_LITERAL_CONVERSION = YES;
				CLANG_WARN_OBJC_ROOT_CLASS = YES_ERROR;
				CLANG_WARN_QUOTED_INCLUDE_IN_FRAMEWORK_HEADER = YES;
				CLANG_WARN_RANGE_LOOP_ANALYSIS = YES;
				CLANG_WARN_STRICT_PROTOTYPES = YES;
				CLANG_WARN_SUSPICIOUS_MOVE = YES;
				CLANG_WARN_UNGUARDED_AVAILABILITY = YES_AGGRESSIVE;
				CLANG_WARN_UNREACHABLE_CODE = YES;
				CLANG_WARN__DUPLICATE_METHOD_MATCH = YES;
				COPY_PHASE_STRIP = NO;
				DEBUG_INFORMATION_FORMAT = "dwarf-with-dsym";
				ENABLE_NS_ASSERTIONS = NO;
				ENABLE_STRICT_OBJC_MSGSEND = YES;
				GCC_C_LANGUAGE_STANDARD = gnu11;
				GCC_NO_COMMON_BLOCKS = YES;
				GCC_WARN_64_TO_32_BIT_CONVERSION = YES;
				GCC_WARN_ABOUT_RETURN_TYPE = YES_ERROR;
				GCC_WARN_UNDECLARED_SELECTOR = YES;
				GCC_WARN_UNINITIALIZED_AUTOS = YES_AGGRESSIVE;
				GCC_WARN_UNUSED_FUNCTION = YES;
				GCC_WARN_UNUSED_VARIABLE = YES;
				IPHONEOS_DEPLOYMENT_TARGET = 14.5;
				MTL_ENABLE_DEBUG_INFO = NO;
				MTL_FAST_MATH = YES;
				SDKROOT = iphoneos;
				SWIFT_COMPILATION_MODE = wholemodule;
				SWIFT_OPTIMIZATION_LEVEL = "-O";
				VALIDATE_PRODUCT = YES;
			};
			name = Release;
		};
		57B6794026B977DF00151B2F /* Debug */ = {
			isa = XCBuildConfiguration;
			buildSettings = {
				ASSETCATALOG_COMPILER_APPICON_NAME = AppIcon;
				ASSETCATALOG_COMPILER_GLOBAL_ACCENT_COLOR_NAME = AccentColor;
				CODE_SIGN_STYLE = Automatic;
				DEVELOPMENT_ASSET_PATHS = "\"TabBarAnimation/Preview Content\"";
				DEVELOPMENT_TEAM = THMZRMRZ9S;
				ENABLE_PREVIEWS = YES;
				INFOPLIST_FILE = TabBarAnimation/Info.plist;
				IPHONEOS_DEPLOYMENT_TARGET = 14.0;
				LD_RUNPATH_SEARCH_PATHS = (
					"$(inherited)",
					"@executable_path/Frameworks",
				);
				PRODUCT_BUNDLE_IDENTIFIER = com.infinityworks.TabBarAnimation;
				PRODUCT_NAME = "$(TARGET_NAME)";
				SWIFT_VERSION = 5.0;
				TARGETED_DEVICE_FAMILY = "1,2";
			};
			name = Debug;
		};
		57B6794126B977DF00151B2F /* Release */ = {
			isa = XCBuildConfiguration;
			buildSettings = {
				ASSETCATALOG_COMPILER_APPICON_NAME = AppIcon;
				ASSETCATALOG_COMPILER_GLOBAL_ACCENT_COLOR_NAME = AccentColor;
				CODE_SIGN_STYLE = Automatic;
				DEVELOPMENT_ASSET_PATHS = "\"TabBarAnimation/Preview Content\"";
				DEVELOPMENT_TEAM = THMZRMRZ9S;
				ENABLE_PREVIEWS = YES;
				INFOPLIST_FILE = TabBarAnimation/Info.plist;
				IPHONEOS_DEPLOYMENT_TARGET = 14.0;
				LD_RUNPATH_SEARCH_PATHS = (
					"$(inherited)",
					"@executable_path/Frameworks",
				);
				PRODUCT_BUNDLE_IDENTIFIER = com.infinityworks.TabBarAnimation;
				PRODUCT_NAME = "$(TARGET_NAME)";
				SWIFT_VERSION = 5.0;
				TARGETED_DEVICE_FAMILY = "1,2";
			};
			name = Release;
		};
/* End XCBuildConfiguration section */

/* Begin XCConfigurationList section */
		57B6792B26B977D700151B2F /* Build configuration list for PBXProject "TabBarAnimation" */ = {
			isa = XCConfigurationList;
			buildConfigurations = (
				57B6793D26B977DF00151B2F /* Debug */,
				57B6793E26B977DF00151B2F /* Release */,
			);
			defaultConfigurationIsVisible = 0;
			defaultConfigurationName = Release;
		};
		57B6793F26B977DF00151B2F /* Build configuration list for PBXNativeTarget "TabBarAnimation" */ = {
			isa = XCConfigurationList;
			buildConfigurations = (
				57B6794026B977DF00151B2F /* Debug */,
				57B6794126B977DF00151B2F /* Release */,
			);
			defaultConfigurationIsVisible = 0;
			defaultConfigurationName = Release;
		};
/* End XCConfigurationList section */
	};
	rootObject = 57B6792826B977D700151B2F /* Project object */;
}
